
Microsoft Visual Studio Solution File, Format Version 12.00
# Visual Studio 15
VisualStudioVersion = 15.0.28307.1169
MinimumVisualStudioVersion = 10.0.40219.1
Project("{FAE04EC0-301F-11D3-BF4B-00C04F79EFBC}") = "SafronovText", "SafronovText\SafronovText.csproj", "{3ED3C2FD-1A20-46DF-8D68-E39618175AEE}"
EndProject
Global
	GlobalSection(SolutionConfigurationPlatforms) = preSolution
		Debug|Any CPU = Debug|Any CPU
		Release|Any CPU = Release|Any CPU
	EndGlobalSection
	GlobalSection(ProjectConfigurationPlatforms) = postSolution
		{3ED3C2FD-1A20-46DF-8D68-E39618175AEE}.Debug|Any CPU.ActiveCfg = Debug|Any CPU
		{3ED3C2FD-1A20-46DF-8D68-E39618175AEE}.Debug|Any CPU.Build.0 = Debug|Any CPU
		{3ED3C2FD-1A20-46DF-8D68-E39618175AEE}.Release|Any CPU.ActiveCfg = Release|Any CPU
		{3ED3C2FD-1A20-46DF-8D68-E39618175AEE}.Release|Any CPU.Build.0 = Release|Any CPU
	EndGlobalSection
	GlobalSection(SolutionProperties) = preSolution
		HideSolutionNode = FALSE
	EndGlobalSection
	GlobalSection(ExtensibilityGlobals) = postSolution
		SolutionGuid = {72E338A8-5B58-4811-9B75-686605A5F2E6}
	EndGlobalSection
EndGlobal
